
Microsoft Visual Studio Solution File, Format Version 12.00
# Visual Studio Version 17
VisualStudioVersion = 17.4.33122.133
MinimumVisualStudioVersion = 10.0.40219.1
Project("{FAE04EC0-301F-11D3-BF4B-00C04F79EFBC}") = "APIVersionControl", "APIVersionControl\APIVersionControl.csproj", "{26F3D8E4-BEB8-4D0F-B870-3328CB8F3F41}"
EndProject
Global
	GlobalSection(SolutionConfigurationPlatforms) = preSolution
		Debug|Any CPU = Debug|Any CPU
		Release|Any CPU = Release|Any CPU
	EndGlobalSection
	GlobalSection(ProjectConfigurationPlatforms) = postSolution
		{26F3D8E4-BEB8-4D0F-B870-3328CB8F3F41}.Debug|Any CPU.ActiveCfg = Debug|Any CPU
		{26F3D8E4-BEB8-4D0F-B870-3328CB8F3F41}.Debug|Any CPU.Build.0 = Debug|Any CPU
		{26F3D8E4-BEB8-4D0F-B870-3328CB8F3F41}.Release|Any CPU.ActiveCfg = Release|Any CPU
		{26F3D8E4-BEB8-4D0F-B870-3328CB8F3F41}.Release|Any CPU.Build.0 = Release|Any CPU
	EndGlobalSection
	GlobalSection(SolutionProperties) = preSolution
		HideSolutionNode = FALSE
	EndGlobalSection
	GlobalSection(ExtensibilityGlobals) = postSolution
		SolutionGuid = {8929A52C-DCD9-43D2-A14F-1FB1290E1A06}
	EndGlobalSection
EndGlobal
