
Microsoft Visual Studio Solution File, Format Version 12.00
# Visual Studio Version 17
VisualStudioVersion = 17.4.33122.133
MinimumVisualStudioVersion = 10.0.40219.1
Project("{FAE04EC0-301F-11D3-BF4B-00C04F79EFBC}") = "InternationalAPI", "InternationalAPI\InternationalAPI.csproj", "{B2AADA4F-7DCD-46D5-8E04-32442B770AC6}"
EndProject
Global
	GlobalSection(SolutionConfigurationPlatforms) = preSolution
		Debug|Any CPU = Debug|Any CPU
		Release|Any CPU = Release|Any CPU
	EndGlobalSection
	GlobalSection(ProjectConfigurationPlatforms) = postSolution
		{B2AADA4F-7DCD-46D5-8E04-32442B770AC6}.Debug|Any CPU.ActiveCfg = Debug|Any CPU
		{B2AADA4F-7DCD-46D5-8E04-32442B770AC6}.Debug|Any CPU.Build.0 = Debug|Any CPU
		{B2AADA4F-7DCD-46D5-8E04-32442B770AC6}.Release|Any CPU.ActiveCfg = Release|Any CPU
		{B2AADA4F-7DCD-46D5-8E04-32442B770AC6}.Release|Any CPU.Build.0 = Release|Any CPU
	EndGlobalSection
	GlobalSection(SolutionProperties) = preSolution
		HideSolutionNode = FALSE
	EndGlobalSection
	GlobalSection(ExtensibilityGlobals) = postSolution
		SolutionGuid = {489B5191-04CD-4BA4-B0E8-70F89F5AF1CC}
	EndGlobalSection
EndGlobal
