
Microsoft Visual Studio Solution File, Format Version 12.00
# Visual Studio Version 17
VisualStudioVersion = 17.4.33122.133
MinimumVisualStudioVersion = 10.0.40219.1
Project("{FAE04EC0-301F-11D3-BF4B-00C04F79EFBC}") = "myFirstAPI", "myFirstAPI.csproj", "{0B85AE28-AA3A-4976-906C-622F4A637EC8}"
EndProject
Global
	GlobalSection(SolutionConfigurationPlatforms) = preSolution
		Debug|Any CPU = Debug|Any CPU
		Release|Any CPU = Release|Any CPU
	EndGlobalSection
	GlobalSection(ProjectConfigurationPlatforms) = postSolution
		{0B85AE28-AA3A-4976-906C-622F4A637EC8}.Debug|Any CPU.ActiveCfg = Debug|Any CPU
		{0B85AE28-AA3A-4976-906C-622F4A637EC8}.Debug|Any CPU.Build.0 = Debug|Any CPU
		{0B85AE28-AA3A-4976-906C-622F4A637EC8}.Release|Any CPU.ActiveCfg = Release|Any CPU
		{0B85AE28-AA3A-4976-906C-622F4A637EC8}.Release|Any CPU.Build.0 = Release|Any CPU
	EndGlobalSection
	GlobalSection(SolutionProperties) = preSolution
		HideSolutionNode = FALSE
	EndGlobalSection
	GlobalSection(ExtensibilityGlobals) = postSolution
		SolutionGuid = {B1BFE709-2380-4130-9688-7C37D9D067BF}
	EndGlobalSection
EndGlobal
