
Microsoft Visual Studio Solution File, Format Version 12.00
# Visual Studio Version 17
VisualStudioVersion = 17.4.33122.133
MinimumVisualStudioVersion = 10.0.40219.1
Project("{FAE04EC0-301F-11D3-BF4B-00C04F79EFBC}") = "UniversityApi", "UniversityApi\UniversityApi.csproj", "{731811C4-4496-4E0E-9A2D-A34CECFC250A}"
EndProject
Global
	GlobalSection(SolutionConfigurationPlatforms) = preSolution
		Debug|Any CPU = Debug|Any CPU
		Release|Any CPU = Release|Any CPU
	EndGlobalSection
	GlobalSection(ProjectConfigurationPlatforms) = postSolution
		{731811C4-4496-4E0E-9A2D-A34CECFC250A}.Debug|Any CPU.ActiveCfg = Debug|Any CPU
		{731811C4-4496-4E0E-9A2D-A34CECFC250A}.Debug|Any CPU.Build.0 = Debug|Any CPU
		{731811C4-4496-4E0E-9A2D-A34CECFC250A}.Release|Any CPU.ActiveCfg = Release|Any CPU
		{731811C4-4496-4E0E-9A2D-A34CECFC250A}.Release|Any CPU.Build.0 = Release|Any CPU
	EndGlobalSection
	GlobalSection(SolutionProperties) = preSolution
		HideSolutionNode = FALSE
	EndGlobalSection
	GlobalSection(ExtensibilityGlobals) = postSolution
		SolutionGuid = {50FA11E9-A170-45F3-BB43-B5F6BED1045A}
	EndGlobalSection
EndGlobal
